# @generated - this file is auto-generated by `mise lock` https://mise.en.dev/dev-tools/mise-lock.html

[[tools.bun]]
version = "1.4.2"
backend = "core:bun"

[tools.bun."platforms.linux-arm64"]
checksum = "sha256:54328bbc2d9c8e0c9f892c544d66c57a83b84139e34909e5ee81758f1ac8fda7"
url = "https://github.com/oven-sh/bun/releases/download/bun-v1.4.2/bun-linux-aarch64.zip"

[tools.bun."platforms.linux-arm64-musl"]
checksum = "sha256:71760b6c8ea30623b81a4907cb815d48e2ea266f2e73e751534a44a0607950df"
url = "https://github.com/oven-sh/bun/releases/download/bun-v1.4.2/bun-linux-aarch64-musl.zip"

[tools.bun."platforms.linux-x64"]
checksum = "sha256:36368faef7527875d5ffa52e53cd48021741f2a83eb6208a8dd64068d422a913"
url = "https://github.com/oven-sh/bun/releases/download/bun-v1.4.2/bun-linux-x64.zip"

[tools.bun."platforms.linux-x64-baseline"]
checksum = "sha256:c678040f14fe0440eb839d37cbd0ce4c051a32da72806ac97de6a6aab6bf728f"
url = "https://github.com/oven-sh/bun/releases/download/bun-v1.4.2/bun-linux-x64-baseline.zip"

[tools.bun."platforms.linux-x64-musl"]
checksum = "sha256:4835eca59d6da70f4674f5642f6e459dcadab773695b2ed9922d131057989742"
url = "https://github.com/oven-sh/bun/releases/download/bun-v1.4.2/bun-linux-x64-musl.zip"

[tools.bun."platforms.linux-x64-musl-baseline"]
checksum = "sha256:76e1db84e98f22f78de0a87e309bfbbf297732847f9720db36750646c85c8c18"
url = "https://github.com/oven-sh/bun/releases/download/bun-v1.4.2/bun-linux-x64-musl-baseline.zip"

[tools.bun."platforms.macos-arm64"]
checksum = "sha256:90987a3a16d7db556d886ac3d551e7b6d3edf0a1cf43acaed622e8676be1d12f"
url = "https://github.com/oven-sh/bun/releases/download/bun-v1.4.2/bun-darwin-aarch64.zip"

[tools.bun."platforms.macos-x64"]
checksum = "sha256:80520d7e17526308c9185d261679ac6d27798d3803a0e9f7ff9121ab8affb012"
url = "https://github.com/oven-sh/bun/releases/download/bun-v1.4.2/bun-darwin-x64.zip"

[tools.bun."platforms.macos-x64-baseline"]
checksum = "sha256:bad5bbd6cf14d0980d115f5954c9ff904df619d5e994d2da1ffccd3f316300b0"
url = "https://github.com/oven-sh/bun/releases/download/bun-v1.4.2/bun-darwin-x64-baseline.zip"

[tools.bun."platforms.windows-x64"]
checksum = "sha256:ce4c17497b2f29712a99d3d53f028de28cd42e3bacb8589599e7f000e49b6405"
url = "https://github.com/oven-sh/bun/releases/download/bun-v1.4.2/bun-windows-x64.zip"

[tools.bun."platforms.windows-x64-baseline"]
checksum = "sha256:78c221c2376f79731ccf4e4af0b3bb46d81fefa3296c5abee09ad8a1b21e68c6"
url = "https://github.com/oven-sh/bun/releases/download/bun-v1.4.2/bun-windows-x64-baseline.zip"

[[tools.claude]]
version = "2.1.281"
backend = "aqua:anthropics/claude-code"

[tools.claude."platforms.linux-arm64"]
checksum = "sha256:f4ffa7230f09882977b1195a5f5343fea1443027858d1c1fa1ea82e921517cd0"
url = "https://github.com/anthropics/claude-code/releases/download/v2.1.281/claude-linux-arm64.tar.gz"
url_api = "https://api.github.com/repos/anthropics/claude-code/releases/assets/584208622"

[tools.claude."platforms.linux-arm64-musl"]
checksum = "sha256:e6b43215da3ac8c27904df64d027acb150b7015920ba08a807fd3ff678a4f3c7"
url = "https://github.com/anthropics/claude-code/releases/download/v2.1.281/claude-linux-arm64-musl.tar.gz"
url_api = "https://api.github.com/repos/anthropics/claude-code/releases/assets/584208623"

[tools.claude."platforms.linux-x64"]
checksum = "sha256:0a3d25f34f0a733fe23f34ecde87dc5bdebd2ccc457fb2d446ae33d6eb75f3d7"
url = "https://github.com/anthropics/claude-code/releases/download/v2.1.281/claude-linux-x64.tar.gz"
url_api = "https://api.github.com/repos/anthropics/claude-code/releases/assets/584208766"

[tools.claude."platforms.linux-x64-baseline"]
checksum = "sha256:0a3d25f34f0a733fe23f34ecde87dc5bdebd2ccc457fb2d446ae33d6eb75f3d7"
url = "https://github.com/anthropics/claude-code/releases/download/v2.1.281/claude-linux-x64.tar.gz"
url_api = "https://api.github.com/repos/anthropics/claude-code/releases/assets/584208766"

[tools.claude."platforms.linux-x64-musl"]
checksum = "sha256:f3f57b79f1cd70b7ed159de86ecccfea51c51e554f06bfec054b86df9fe21550"
url = "https://github.com/anthropics/claude-code/releases/download/v2.1.281/claude-linux-x64-musl.tar.gz"
url_api = "https://api.github.com/repos/anthropics/claude-code/releases/assets/584208626"

[tools.claude."platforms.linux-x64-musl-baseline"]
checksum = "sha256:f3f57b79f1cd70b7ed159de86ecccfea51c51e554f06bfec054b86df9fe21550"
url = "https://github.com/anthropics/claude-code/releases/download/v2.1.281/claude-linux-x64-musl.tar.gz"
url_api = "https://api.github.com/repos/anthropics/claude-code/releases/assets/584208626"

[tools.claude."platforms.macos-arm64"]
checksum = "sha256:874a9df33b44a040273cce0cd4ed615a713491b1e51ae1ece6ee6c3bffa98e16"
url = "https://github.com/anthropics/claude-code/releases/download/v2.1.281/claude-darwin-arm64.tar.gz"
url_api = "https://api.github.com/repos/anthropics/claude-code/releases/assets/584208621"

[tools.claude."platforms.macos-x64"]
checksum = "sha256:260b5767791ac01b0f82b920b23486068549ce870413a150c05dec05ffbb25bc"
url = "https://github.com/anthropics/claude-code/releases/download/v2.1.281/claude-darwin-x64.tar.gz"
url_api = "https://api.github.com/repos/anthropics/claude-code/releases/assets/584208624"

[tools.claude."platforms.macos-x64-baseline"]
checksum = "sha256:260b5767791ac01b0f82b920b23486068549ce870413a150c05dec05ffbb25bc"
url = "https://github.com/anthropics/claude-code/releases/download/v2.1.281/claude-darwin-x64.tar.gz"
url_api = "https://api.github.com/repos/anthropics/claude-code/releases/assets/584208624"

[tools.claude."platforms.windows-x64"]
checksum = "sha256:95baab904b70285a602470c9b6a263fb6bb4008d75951c52f5c7ff47c299fdf7"
url = "https://github.com/anthropics/claude-code/releases/download/v2.1.281/claude-win32-x64.zip"
url_api = "https://api.github.com/repos/anthropics/claude-code/releases/assets/584208787"

[tools.claude."platforms.windows-x64-baseline"]
checksum = "sha256:95baab904b70285a602470c9b6a263fb6bb4008d75951c52f5c7ff47c299fdf7"
url = "https://github.com/anthropics/claude-code/releases/download/v2.1.281/claude-win32-x64.zip"
url_api = "https://api.github.com/repos/anthropics/claude-code/releases/assets/584208787"

[[tools.copilot]]
version = "1.0.88"
backend = "aqua:github/copilot-cli"

[tools.copilot."platforms.linux-arm64"]
checksum = "sha256:e263f5f9eb0db5dddf5775ac98c437e27743857ce0ba310f08f2338aebd1107d"
url = "https://github.com/github/copilot-cli/releases/download/v1.0.88/copilot-linux-arm64.tar.gz"
url_api = "https://api.github.com/repos/github/copilot-cli/releases/assets/582143726"

[tools.copilot."platforms.linux-arm64-musl"]
checksum = "sha256:e263f5f9eb0db5dddf5775ac98c437e27743857ce0ba310f08f2338aebd1107d"
url = "https://github.com/github/copilot-cli/releases/download/v1.0.88/copilot-linux-arm64.tar.gz"
url_api = "https://api.github.com/repos/github/copilot-cli/releases/assets/582143726"

[tools.copilot."platforms.linux-x64"]
checksum = "sha256:42f40c08ff8a8ff78522161e4b5e2b86340ad8bb0853a5f1aa64ce65b48d007b"
url = "https://github.com/github/copilot-cli/releases/download/v1.0.88/copilot-linux-x64.tar.gz"
url_api = "https://api.github.com/repos/github/copilot-cli/releases/assets/582143848"

[tools.copilot."platforms.linux-x64-baseline"]
checksum = "sha256:42f40c08ff8a8ff78522161e4b5e2b86340ad8bb0853a5f1aa64ce65b48d007b"
url = "https://github.com/github/copilot-cli/releases/download/v1.0.88/copilot-linux-x64.tar.gz"
url_api = "https://api.github.com/repos/github/copilot-cli/releases/assets/582143848"

[tools.copilot."platforms.linux-x64-musl"]
checksum = "sha256:42f40c08ff8a8ff78522161e4b5e2b86340ad8bb0853a5f1aa64ce65b48d007b"
url = "https://github.com/github/copilot-cli/releases/download/v1.0.88/copilot-linux-x64.tar.gz"
url_api = "https://api.github.com/repos/github/copilot-cli/releases/assets/582143848"

[tools.copilot."platforms.linux-x64-musl-baseline"]
checksum = "sha256:42f40c08ff8a8ff78522161e4b5e2b86340ad8bb0853a5f1aa64ce65b48d007b"
url = "https://github.com/github/copilot-cli/releases/download/v1.0.88/copilot-linux-x64.tar.gz"
url_api = "https://api.github.com/repos/github/copilot-cli/releases/assets/582143848"

[tools.copilot."platforms.macos-arm64"]
checksum = "sha256:55c3c6b581080cf613f0b25788d133dad4265bcb15cfb2e7acf80b2ff2ec5d67"
url = "https://github.com/github/copilot-cli/releases/download/v1.0.88/copilot-darwin-arm64.tar.gz"
url_api = "https://api.github.com/repos/github/copilot-cli/releases/assets/582143724"

[tools.copilot."platforms.macos-x64"]
checksum = "sha256:114856fa48b23897e8b56431f9b1e8af31e5f0f5c19d99b02feec29a1d5b0b9d"
url = "https://github.com/github/copilot-cli/releases/download/v1.0.88/copilot-darwin-x64.tar.gz"
url_api = "https://api.github.com/repos/github/copilot-cli/releases/assets/582143722"

[tools.copilot."platforms.macos-x64-baseline"]
checksum = "sha256:114856fa48b23897e8b56431f9b1e8af31e5f0f5c19d99b02feec29a1d5b0b9d"
url = "https://github.com/github/copilot-cli/releases/download/v1.0.88/copilot-darwin-x64.tar.gz"
url_api = "https://api.github.com/repos/github/copilot-cli/releases/assets/582143722"

[tools.copilot."platforms.windows-x64"]
checksum = "sha256:59c66ccd61a7f2796d4924c4c4da3e34951bc06fdaf11642d7033296fc71da11"
url = "https://github.com/github/copilot-cli/releases/download/v1.0.88/copilot-win32-x64.zip"
url_api = "https://api.github.com/repos/github/copilot-cli/releases/assets/582143723"

[tools.copilot."platforms.windows-x64-baseline"]
checksum = "sha256:59c66ccd61a7f2796d4924c4c4da3e34951bc06fdaf11642d7033296fc71da11"
url = "https://github.com/github/copilot-cli/releases/download/v1.0.88/copilot-win32-x64.zip"
url_api = "https://api.github.com/repos/github/copilot-cli/releases/assets/582143723"

[[tools.cosign]]
version = "3.1.3"
backend = "aqua:sigstore/cosign"

[tools.cosign."platforms.linux-arm64"]
checksum = "sha256:c5d324e091826b0d7a78eb16fef316450b4eb9aaec045611c08ba06f5e73220a"
url = "https://github.com/sigstore/cosign/releases/download/v3.1.3/cosign-linux-arm64"
url_api = "https://api.github.com/repos/sigstore/cosign/releases/assets/503286299"
provenance = "cosign"

[tools.cosign."platforms.linux-arm64-musl"]
checksum = "sha256:c5d324e091826b0d7a78eb16fef316450b4eb9aaec045611c08ba06f5e73220a"
url = "https://github.com/sigstore/cosign/releases/download/v3.1.3/cosign-linux-arm64"
url_api = "https://api.github.com/repos/sigstore/cosign/releases/assets/503286299"
provenance = "cosign"

[tools.cosign."platforms.linux-x64"]
checksum = "sha256:4629c757b7618056f8ddd7e2625ae9fdd94c0372a65049520bc7d9df9efc7f71"
url = "https://github.com/sigstore/cosign/releases/download/v3.1.3/cosign-linux-amd64"
url_api = "https://api.github.com/repos/sigstore/cosign/releases/assets/503286005"
provenance = "cosign"

[tools.cosign."platforms.linux-x64-baseline"]
checksum = "sha256:4629c757b7618056f8ddd7e2625ae9fdd94c0372a65049520bc7d9df9efc7f71"
url = "https://github.com/sigstore/cosign/releases/download/v3.1.3/cosign-linux-amd64"
url_api = "https://api.github.com/repos/sigstore/cosign/releases/assets/503286005"
provenance = "cosign"

[tools.cosign."platforms.linux-x64-musl"]
checksum = "sha256:4629c757b7618056f8ddd7e2625ae9fdd94c0372a65049520bc7d9df9efc7f71"
url = "https://github.com/sigstore/cosign/releases/download/v3.1.3/cosign-linux-amd64"
url_api = "https://api.github.com/repos/sigstore/cosign/releases/assets/503286005"
provenance = "cosign"

[tools.cosign."platforms.linux-x64-musl-baseline"]
checksum = "sha256:4629c757b7618056f8ddd7e2625ae9fdd94c0372a65049520bc7d9df9efc7f71"
url = "https://github.com/sigstore/cosign/releases/download/v3.1.3/cosign-linux-amd64"
url_api = "https://api.github.com/repos/sigstore/cosign/releases/assets/503286005"
provenance = "cosign"

[tools.cosign."platforms.macos-arm64"]
checksum = "sha256:5cf948c2f4dfe59687bdd0b8523709067383e03982cc543475c8a7dc70e92a76"
url = "https://github.com/sigstore/cosign/releases/download/v3.1.3/cosign-darwin-arm64"
url_api = "https://api.github.com/repos/sigstore/cosign/releases/assets/503286205"
provenance = "cosign"

[tools.cosign."platforms.macos-x64"]
checksum = "sha256:2347488e5d5b25336644024dfeca5601b190e91197a71a917bda44744aff106c"
url = "https://github.com/sigstore/cosign/releases/download/v3.1.3/cosign-darwin-amd64"
url_api = "https://api.github.com/repos/sigstore/cosign/releases/assets/503286177"
provenance = "cosign"

[tools.cosign."platforms.macos-x64-baseline"]
checksum = "sha256:2347488e5d5b25336644024dfeca5601b190e91197a71a917bda44744aff106c"
url = "https://github.com/sigstore/cosign/releases/download/v3.1.3/cosign-darwin-amd64"
url_api = "https://api.github.com/repos/sigstore/cosign/releases/assets/503286177"
provenance = "cosign"

[tools.cosign."platforms.windows-x64"]
checksum = "sha256:9fe59be0eca1271873ce019061335eb1ac419b7059202e797828467ddabe33be"
url = "https://github.com/sigstore/cosign/releases/download/v3.1.3/cosign-windows-amd64.exe"
url_api = "https://api.github.com/repos/sigstore/cosign/releases/assets/503286236"
provenance = "cosign"

[tools.cosign."platforms.windows-x64-baseline"]
checksum = "sha256:9fe59be0eca1271873ce019061335eb1ac419b7059202e797828467ddabe33be"
url = "https://github.com/sigstore/cosign/releases/download/v3.1.3/cosign-windows-amd64.exe"
url_api = "https://api.github.com/repos/sigstore/cosign/releases/assets/503286236"
provenance = "cosign"

[[tools.fnox]]
version = "1.36.0"
backend = "packslip:github.com/jdx/fnox"

[tools.fnox."platforms.linux-arm64"]
checksum = "sha256:a479fc6cdf52db7ec5fab8027e62debbbe7ee18f2829bcdcc4766c9dc3ef123e"
url = "https://github.com/jdx/fnox/releases/download/v1.36.0/fnox-aarch64-unknown-linux-gnu.tar.gz"
signer = "sigstore-oidc:https://github.com/jdx/fnox/.github/workflows/release.yml"

[tools.fnox."platforms.linux-arm64-musl"]
checksum = "sha256:1d7f21441c6dfb23fe9e27c4eed98d821c8e7f8587a7040c8f7471c79c3ed76f"
url = "https://github.com/jdx/fnox/releases/download/v1.36.0/fnox-aarch64-unknown-linux-musl.tar.gz"
signer = "sigstore-oidc:https://github.com/jdx/fnox/.github/workflows/release.yml"

[tools.fnox."platforms.linux-x64"]
checksum = "sha256:9c4f4dd2ae9b704016798eef18e74fecb61f954cabb8ec4b97f848332954463d"
url = "https://github.com/jdx/fnox/releases/download/v1.36.0/fnox-x86_64-unknown-linux-gnu.tar.gz"
signer = "sigstore-oidc:https://github.com/jdx/fnox/.github/workflows/release.yml"

[tools.fnox."platforms.linux-x64-baseline"]
checksum = "sha256:9c4f4dd2ae9b704016798eef18e74fecb61f954cabb8ec4b97f848332954463d"
url = "https://github.com/jdx/fnox/releases/download/v1.36.0/fnox-x86_64-unknown-linux-gnu.tar.gz"
signer = "sigstore-oidc:https://github.com/jdx/fnox/.github/workflows/release.yml"

[tools.fnox."platforms.linux-x64-musl"]
checksum = "sha256:4cc3b4e82d6be720078f723280a8cb918429c555aa54232be245b79440869f99"
url = "https://github.com/jdx/fnox/releases/download/v1.36.0/fnox-x86_64-unknown-linux-musl.tar.gz"
signer = "sigstore-oidc:https://github.com/jdx/fnox/.github/workflows/release.yml"

[tools.fnox."platforms.linux-x64-musl-baseline"]
checksum = "sha256:4cc3b4e82d6be720078f723280a8cb918429c555aa54232be245b79440869f99"
url = "https://github.com/jdx/fnox/releases/download/v1.36.0/fnox-x86_64-unknown-linux-musl.tar.gz"
signer = "sigstore-oidc:https://github.com/jdx/fnox/.github/workflows/release.yml"

[tools.fnox."platforms.macos-arm64"]
checksum = "sha256:b1de28349089d62b24518f1a6103005f9f3c82aaf5ca7872e65bf3fc349e4166"
url = "https://github.com/jdx/fnox/releases/download/v1.36.0/fnox-aarch64-apple-darwin.tar.gz"
signer = "sigstore-oidc:https://github.com/jdx/fnox/.github/workflows/release.yml"

[tools.fnox."platforms.macos-x64"]
checksum = "sha256:7b380fd18e802da6246485f64289b66d121c2b42e1df8b017015d07be32ad9b5"
url = "https://github.com/jdx/fnox/releases/download/v1.36.0/fnox-x86_64-apple-darwin.tar.gz"
signer = "sigstore-oidc:https://github.com/jdx/fnox/.github/workflows/release.yml"

[tools.fnox."platforms.macos-x64-baseline"]
checksum = "sha256:7b380fd18e802da6246485f64289b66d121c2b42e1df8b017015d07be32ad9b5"
url = "https://github.com/jdx/fnox/releases/download/v1.36.0/fnox-x86_64-apple-darwin.tar.gz"
signer = "sigstore-oidc:https://github.com/jdx/fnox/.github/workflows/release.yml"

[tools.fnox."platforms.windows-x64"]
checksum = "sha256:49f74e04d4700ced13842ea49ae23bfeac4dd75dede35e3784c704895bddcf9a"
url = "https://github.com/jdx/fnox/releases/download/v1.36.0/fnox-x86_64-pc-windows-msvc.zip"
signer = "sigstore-oidc:https://github.com/jdx/fnox/.github/workflows/release.yml"

[tools.fnox."platforms.windows-x64-baseline"]
checksum = "sha256:49f74e04d4700ced13842ea49ae23bfeac4dd75dede35e3784c704895bddcf9a"
url = "https://github.com/jdx/fnox/releases/download/v1.36.0/fnox-x86_64-pc-windows-msvc.zip"
signer = "sigstore-oidc:https://github.com/jdx/fnox/.github/workflows/release.yml"

[[tools."gem:tmuxinator"]]
version = "3.4.1"
backend = "gem:tmuxinator"

[[tools.git-filter-repo]]
version = "2.47.0"
backend = "pipx:git-filter-repo"

[[tools."github:TBeijen/sworkspace"]]
version = "0.1.0"
backend = "github:TBeijen/sworkspace"

[tools."github:TBeijen/sworkspace"."platforms.linux-arm64"]
checksum = "sha256:1e4e7b1603e65461d8c0d6c5f2bea1beaf0939730b298c248cc5be854d216bed"
url = "https://github.com/TBeijen/sworkspace/releases/download/v0.1.0/sworkspace-linux-arm64.tar.gz"
url_api = "https://api.github.com/repos/TBeijen/sworkspace/releases/assets/602461202"

[tools."github:TBeijen/sworkspace"."platforms.linux-arm64-musl"]
checksum = "sha256:1e4e7b1603e65461d8c0d6c5f2bea1beaf0939730b298c248cc5be854d216bed"
url = "https://github.com/TBeijen/sworkspace/releases/download/v0.1.0/sworkspace-linux-arm64.tar.gz"
url_api = "https://api.github.com/repos/TBeijen/sworkspace/releases/assets/602461202"

[tools."github:TBeijen/sworkspace"."platforms.linux-x64"]
checksum = "sha256:a279b8a5455b0a314c057cc2258029fc5fd72a74bf3e2990da9275b9dff6dce7"
url = "https://github.com/TBeijen/sworkspace/releases/download/v0.1.0/sworkspace-linux-amd64.tar.gz"
url_api = "https://api.github.com/repos/TBeijen/sworkspace/releases/assets/602461198"

[tools."github:TBeijen/sworkspace"."platforms.linux-x64-baseline"]
checksum = "sha256:a279b8a5455b0a314c057cc2258029fc5fd72a74bf3e2990da9275b9dff6dce7"
url = "https://github.com/TBeijen/sworkspace/releases/download/v0.1.0/sworkspace-linux-amd64.tar.gz"
url_api = "https://api.github.com/repos/TBeijen/sworkspace/releases/assets/602461198"

[tools."github:TBeijen/sworkspace"."platforms.linux-x64-musl"]
checksum = "sha256:a279b8a5455b0a314c057cc2258029fc5fd72a74bf3e2990da9275b9dff6dce7"
url = "https://github.com/TBeijen/sworkspace/releases/download/v0.1.0/sworkspace-linux-amd64.tar.gz"
url_api = "https://api.github.com/repos/TBeijen/sworkspace/releases/assets/602461198"

[tools."github:TBeijen/sworkspace"."platforms.linux-x64-musl-baseline"]
checksum = "sha256:a279b8a5455b0a314c057cc2258029fc5fd72a74bf3e2990da9275b9dff6dce7"
url = "https://github.com/TBeijen/sworkspace/releases/download/v0.1.0/sworkspace-linux-amd64.tar.gz"
url_api = "https://api.github.com/repos/TBeijen/sworkspace/releases/assets/602461198"

[tools."github:TBeijen/sworkspace"."platforms.macos-arm64"]
checksum = "sha256:f40b163c891ebfd377ddeefe7aaf582424d94244ee23695b3c1c47470c77f1a0"
url = "https://github.com/TBeijen/sworkspace/releases/download/v0.1.0/sworkspace-darwin-arm64.tar.gz"
url_api = "https://api.github.com/repos/TBeijen/sworkspace/releases/assets/602461193"

[tools."github:TBeijen/sworkspace"."platforms.macos-x64"]
checksum = "sha256:1d2c1a5011ede57634c05368a08f3b2ae1fcc2743bad15afa7c2628d700c0481"
url = "https://github.com/TBeijen/sworkspace/releases/download/v0.1.0/sworkspace-darwin-amd64.tar.gz"
url_api = "https://api.github.com/repos/TBeijen/sworkspace/releases/assets/602461199"

[tools."github:TBeijen/sworkspace"."platforms.macos-x64-baseline"]
checksum = "sha256:1d2c1a5011ede57634c05368a08f3b2ae1fcc2743bad15afa7c2628d700c0481"
url = "https://github.com/TBeijen/sworkspace/releases/download/v0.1.0/sworkspace-darwin-amd64.tar.gz"
url_api = "https://api.github.com/repos/TBeijen/sworkspace/releases/assets/602461199"

[[tools.jq]]
version = "1.8.2"
backend = "aqua:jqlang/jq"

[tools.jq."platforms.linux-arm64"]
checksum = "sha256:8b85c817833814ddca00a144c33705546355afccf0cf39b188f3cdb48b852309"
url = "https://github.com/jqlang/jq/releases/download/jq-1.8.2/jq-linux-arm64"
provenance = "github-attestations"

[tools.jq."platforms.linux-arm64-musl"]
checksum = "sha256:8b85c817833814ddca00a144c33705546355afccf0cf39b188f3cdb48b852309"
url = "https://github.com/jqlang/jq/releases/download/jq-1.8.2/jq-linux-arm64"
provenance = "github-attestations"

[tools.jq."platforms.linux-x64"]
checksum = "sha256:b1c22172dd303f3be49e935aa56aa48a8b7a46e0bc838b4997d3bb451495870f"
url = "https://github.com/jqlang/jq/releases/download/jq-1.8.2/jq-linux-amd64"
provenance = "github-attestations"

[tools.jq."platforms.linux-x64-baseline"]
checksum = "sha256:b1c22172dd303f3be49e935aa56aa48a8b7a46e0bc838b4997d3bb451495870f"
url = "https://github.com/jqlang/jq/releases/download/jq-1.8.2/jq-linux-amd64"
url_api = "https://api.github.com/repos/jqlang/jq/releases/assets/453012752"
provenance = "github-attestations"

[tools.jq."platforms.linux-x64-musl"]
checksum = "sha256:b1c22172dd303f3be49e935aa56aa48a8b7a46e0bc838b4997d3bb451495870f"
url = "https://github.com/jqlang/jq/releases/download/jq-1.8.2/jq-linux-amd64"
provenance = "github-attestations"

[tools.jq."platforms.linux-x64-musl-baseline"]
checksum = "sha256:b1c22172dd303f3be49e935aa56aa48a8b7a46e0bc838b4997d3bb451495870f"
url = "https://github.com/jqlang/jq/releases/download/jq-1.8.2/jq-linux-amd64"
url_api = "https://api.github.com/repos/jqlang/jq/releases/assets/453012752"
provenance = "github-attestations"

[tools.jq."platforms.macos-arm64"]
checksum = "sha256:2d75340ba57a4b4b4c8708a21c2dc8e958a48aaa8bba13b27f77f6e4c0eca07e"
url = "https://github.com/jqlang/jq/releases/download/jq-1.8.2/jq-macos-arm64"
provenance = "github-attestations"

[tools.jq."platforms.macos-x64"]
checksum = "sha256:e94b266e3c26690550006abe63152b782280f4e14374accdf04cbde844f00bc0"
url = "https://github.com/jqlang/jq/releases/download/jq-1.8.2/jq-macos-amd64"
provenance = "github-attestations"

[tools.jq."platforms.macos-x64-baseline"]
checksum = "sha256:e94b266e3c26690550006abe63152b782280f4e14374accdf04cbde844f00bc0"
url = "https://github.com/jqlang/jq/releases/download/jq-1.8.2/jq-macos-amd64"
url_api = "https://api.github.com/repos/jqlang/jq/releases/assets/453012782"
provenance = "github-attestations"

[tools.jq."platforms.windows-x64"]
checksum = "sha256:a6fc67fedaf9128a3309a1e2ebb8b986aeccf70122ee46d2cb4849e423f0c627"
url = "https://github.com/jqlang/jq/releases/download/jq-1.8.2/jq-windows-amd64.exe"
provenance = "github-attestations"

[tools.jq."platforms.windows-x64-baseline"]
checksum = "sha256:a6fc67fedaf9128a3309a1e2ebb8b986aeccf70122ee46d2cb4849e423f0c627"
url = "https://github.com/jqlang/jq/releases/download/jq-1.8.2/jq-windows-amd64.exe"
url_api = "https://api.github.com/repos/jqlang/jq/releases/assets/453012788"
provenance = "github-attestations"

[[tools.kubectl]]
version = "1.34.12"
backend = "aqua:kubernetes/kubernetes/kubectl"

[tools.kubectl."platforms.linux-arm64"]
checksum = "sha256:c819e3eb6a540d4f1e6aacaac85580bf0793bd1e7d05095a47407733ccf0cfb7"
url = "https://dl.k8s.io/v1.34.12/bin/linux/arm64/kubectl"

[tools.kubectl."platforms.linux-arm64-musl"]
checksum = "sha256:c819e3eb6a540d4f1e6aacaac85580bf0793bd1e7d05095a47407733ccf0cfb7"
url = "https://dl.k8s.io/v1.34.12/bin/linux/arm64/kubectl"

[tools.kubectl."platforms.linux-x64"]
checksum = "sha256:90b7b9058ffeb5c10710bb1c73f541eaf426fb1b4e87df435db669de9a2564a2"
url = "https://dl.k8s.io/v1.34.12/bin/linux/amd64/kubectl"

[tools.kubectl."platforms.linux-x64-baseline"]
checksum = "sha256:90b7b9058ffeb5c10710bb1c73f541eaf426fb1b4e87df435db669de9a2564a2"
url = "https://dl.k8s.io/v1.34.12/bin/linux/amd64/kubectl"

[tools.kubectl."platforms.linux-x64-musl"]
checksum = "sha256:90b7b9058ffeb5c10710bb1c73f541eaf426fb1b4e87df435db669de9a2564a2"
url = "https://dl.k8s.io/v1.34.12/bin/linux/amd64/kubectl"

[tools.kubectl."platforms.linux-x64-musl-baseline"]
checksum = "sha256:90b7b9058ffeb5c10710bb1c73f541eaf426fb1b4e87df435db669de9a2564a2"
url = "https://dl.k8s.io/v1.34.12/bin/linux/amd64/kubectl"

[tools.kubectl."platforms.macos-arm64"]
checksum = "sha256:0c37a655d8495312c90554b61b9ff8400077e743ae2dc07008a529667a750db9"
url = "https://dl.k8s.io/v1.34.12/bin/darwin/arm64/kubectl"

[tools.kubectl."platforms.macos-x64"]
checksum = "sha256:cefed789392b4d1f75cb81ee803d89c2bad68ec35414df127779a5557da00516"
url = "https://dl.k8s.io/v1.34.12/bin/darwin/amd64/kubectl"

[tools.kubectl."platforms.macos-x64-baseline"]
checksum = "sha256:cefed789392b4d1f75cb81ee803d89c2bad68ec35414df127779a5557da00516"
url = "https://dl.k8s.io/v1.34.12/bin/darwin/amd64/kubectl"

[tools.kubectl."platforms.windows-x64"]
checksum = "sha256:df1eabf29654d57e250fed6e7573b94a8c0f5ae83179a71b540a5bf8ad112276"
url = "https://dl.k8s.io/v1.34.12/bin/windows/amd64/kubectl.exe"

[tools.kubectl."platforms.windows-x64-baseline"]
checksum = "sha256:df1eabf29654d57e250fed6e7573b94a8c0f5ae83179a71b540a5bf8ad112276"
url = "https://dl.k8s.io/v1.34.12/bin/windows/amd64/kubectl.exe"

[[tools.node]]
version = "26.10.0"
backend = "core:node"

[tools.node."platforms.linux-arm64"]
checksum = "sha256:423a41bff8e2a2fa15e702fefe2919ef95823b2378744daccb8439302534b44f"
url = "https://nodejs.org/dist/v26.10.0/node-v26.10.0-linux-arm64.tar.gz"

[tools.node."platforms.linux-arm64-musl"]
checksum = "sha256:d26027bff3197050d2a2b0bfa151b18e8378ed81affa2bf5093804db158979b6"
url = "https://unofficial-builds.nodejs.org/download/release/v26.10.0/node-v26.10.0-linux-arm64-musl.tar.gz"

[tools.node."platforms.linux-x64"]
checksum = "sha256:cb5c9ce9c80d7b8821e3a258543c71b939138cf17c74d5cc44bbe85d6dbc5ad8"
url = "https://nodejs.org/dist/v26.10.0/node-v26.10.0-linux-x64.tar.gz"

[tools.node."platforms.linux-x64-baseline"]
checksum = "sha256:cb5c9ce9c80d7b8821e3a258543c71b939138cf17c74d5cc44bbe85d6dbc5ad8"
url = "https://nodejs.org/dist/v26.10.0/node-v26.10.0-linux-x64.tar.gz"

[tools.node."platforms.linux-x64-musl"]
checksum = "sha256:e42da94821b9422eb76bf5aaf4de0977e04ba320b8aff6148d895a94b08ee223"
url = "https://unofficial-builds.nodejs.org/download/release/v26.10.0/node-v26.10.0-linux-x64-musl.tar.gz"

[tools.node."platforms.linux-x64-musl-baseline"]
checksum = "sha256:e42da94821b9422eb76bf5aaf4de0977e04ba320b8aff6148d895a94b08ee223"
url = "https://unofficial-builds.nodejs.org/download/release/v26.10.0/node-v26.10.0-linux-x64-musl.tar.gz"

[tools.node."platforms.macos-arm64"]
checksum = "sha256:751fdf7439f115d87ee2a8f3f18c065b6151852068e3e666ac60ac2996f75ac9"
url = "https://nodejs.org/dist/v26.10.0/node-v26.10.0-darwin-arm64.tar.gz"

[tools.node."platforms.macos-x64"]
checksum = "sha256:ebbe9ab9b58ad6bb54390d6e2c862c1afa7d4475fb7e8ae8146acde211bf70df"
url = "https://nodejs.org/dist/v26.10.0/node-v26.10.0-darwin-x64.tar.gz"

[tools.node."platforms.macos-x64-baseline"]
checksum = "sha256:ebbe9ab9b58ad6bb54390d6e2c862c1afa7d4475fb7e8ae8146acde211bf70df"
url = "https://nodejs.org/dist/v26.10.0/node-v26.10.0-darwin-x64.tar.gz"

[tools.node."platforms.windows-x64"]
checksum = "sha256:9fef7eca6743a6b910989cd8e78712376b394fcb9b6e1e9c44a0799a287f90c5"
url = "https://nodejs.org/dist/v26.10.0/node-v26.10.0-win-x64.zip"

[tools.node."platforms.windows-x64-baseline"]
checksum = "sha256:9fef7eca6743a6b910989cd8e78712376b394fcb9b6e1e9c44a0799a287f90c5"
url = "https://nodejs.org/dist/v26.10.0/node-v26.10.0-win-x64.zip"

[[tools.nono]]
version = "0.78.0"
backend = "github:nolabs-ai/nono"

[tools.nono."platforms.linux-arm64"]
checksum = "sha256:7308b4109940f16ec0d024eb4bbcface1cfe2ea1e8333dd147ab4f0be7706071"
url = "https://github.com/nolabs-ai/nono/releases/download/v0.78.0/nono-v0.78.0-aarch64-unknown-linux-gnu.tar.gz"
url_api = "https://api.github.com/repos/nolabs-ai/nono/releases/assets/568264594"
provenance = "github-attestations"

[tools.nono."platforms.linux-arm64-musl"]
checksum = "sha256:7308b4109940f16ec0d024eb4bbcface1cfe2ea1e8333dd147ab4f0be7706071"
url = "https://github.com/nolabs-ai/nono/releases/download/v0.78.0/nono-v0.78.0-aarch64-unknown-linux-gnu.tar.gz"
url_api = "https://api.github.com/repos/nolabs-ai/nono/releases/assets/568264594"
provenance = "github-attestations"

[tools.nono."platforms.linux-x64"]
checksum = "sha256:af5e837973d547aaf6d3cdfbd12e3952224d1bb77b7292962ea19180399c38db"
url = "https://github.com/nolabs-ai/nono/releases/download/v0.78.0/nono-v0.78.0-x86_64-unknown-linux-gnu.tar.gz"
url_api = "https://api.github.com/repos/nolabs-ai/nono/releases/assets/568264582"
provenance = "github-attestations"

[tools.nono."platforms.linux-x64-baseline"]
checksum = "sha256:af5e837973d547aaf6d3cdfbd12e3952224d1bb77b7292962ea19180399c38db"
url = "https://github.com/nolabs-ai/nono/releases/download/v0.78.0/nono-v0.78.0-x86_64-unknown-linux-gnu.tar.gz"
url_api = "https://api.github.com/repos/nolabs-ai/nono/releases/assets/568264582"
provenance = "github-attestations"

[tools.nono."platforms.linux-x64-musl"]
checksum = "sha256:4321638e842f803d5cc5000c6e3b1a77ce40fe4f3646a54cc83b286b9d1d0d51"
url = "https://github.com/nolabs-ai/nono/releases/download/v0.78.0/nono-v0.78.0-x86_64-unknown-linux-musl.tar.gz"
url_api = "https://api.github.com/repos/nolabs-ai/nono/releases/assets/568264579"
provenance = "github-attestations"

[tools.nono."platforms.linux-x64-musl-baseline"]
checksum = "sha256:4321638e842f803d5cc5000c6e3b1a77ce40fe4f3646a54cc83b286b9d1d0d51"
url = "https://github.com/nolabs-ai/nono/releases/download/v0.78.0/nono-v0.78.0-x86_64-unknown-linux-musl.tar.gz"
url_api = "https://api.github.com/repos/nolabs-ai/nono/releases/assets/568264579"
provenance = "github-attestations"

[tools.nono."platforms.macos-arm64"]
checksum = "sha256:ac161b551e14ee6f5dfb4e95593964e9af45db9c9d01074cbe7d6bf4110680b4"
url = "https://github.com/nolabs-ai/nono/releases/download/v0.78.0/nono-v0.78.0-aarch64-apple-darwin.tar.gz"
url_api = "https://api.github.com/repos/nolabs-ai/nono/releases/assets/568264585"
provenance = "github-attestations"

[tools.nono."platforms.macos-x64"]
checksum = "sha256:bae402c90e9d8f25e94e6c21b56e54a674ebfff3fa1bdc3c298e1bfc2f7e82dc"
url = "https://github.com/nolabs-ai/nono/releases/download/v0.78.0/nono-v0.78.0-x86_64-apple-darwin.tar.gz"
url_api = "https://api.github.com/repos/nolabs-ai/nono/releases/assets/568264583"
provenance = "github-attestations"

[tools.nono."platforms.macos-x64-baseline"]
checksum = "sha256:bae402c90e9d8f25e94e6c21b56e54a674ebfff3fa1bdc3c298e1bfc2f7e82dc"
url = "https://github.com/nolabs-ai/nono/releases/download/v0.78.0/nono-v0.78.0-x86_64-apple-darwin.tar.gz"
url_api = "https://api.github.com/repos/nolabs-ai/nono/releases/assets/568264583"
provenance = "github-attestations"

[[tools."pipx:yubikey-manager"]]
version = "5.9.2"
backend = "pipx:yubikey-manager"

[[tools.python]]
version = "3.14.7"
backend = "core:python"

[tools.python."platforms.linux-arm64"]
checksum = "sha256:9b8bd45d06fc3fcdc56f2713a62535fe1c019816461ae87c170dd56184dd3f4d"
url = "https://github.com/astral-sh/python-build-standalone/releases/download/20260929/cpython-3.14.7+20260929-aarch64-unknown-linux-gnu-install_only_stripped.tar.gz"
provenance = "github-attestations"

[tools.python."platforms.linux-arm64-musl"]
checksum = "sha256:4cfa7844ab77ef43bd8e3579e1a33d21a1551e6f20f73b101973e745b24687ce"
url = "https://github.com/astral-sh/python-build-standalone/releases/download/20260929/cpython-3.14.7+20260929-aarch64-unknown-linux-musl-install_only_stripped.tar.gz"
provenance = "github-attestations"

[tools.python."platforms.linux-x64"]
checksum = "sha256:da5357f47b1d9c8d4c439004d463d893ef688a44c27438a62b47073d26d1377e"
url = "https://github.com/astral-sh/python-build-standalone/releases/download/20260929/cpython-3.14.7+20260929-x86_64-unknown-linux-gnu-install_only_stripped.tar.gz"
provenance = "github-attestations"

[tools.python."platforms.linux-x64-baseline"]
checksum = "sha256:da5357f47b1d9c8d4c439004d463d893ef688a44c27438a62b47073d26d1377e"
url = "https://github.com/astral-sh/python-build-standalone/releases/download/20260929/cpython-3.14.7+20260929-x86_64-unknown-linux-gnu-install_only_stripped.tar.gz"
provenance = "github-attestations"

[tools.python."platforms.linux-x64-musl"]
checksum = "sha256:ecb40bf33dd24d43fe44f7830e0933cd5755d3cf02e45dc404a0cfb0ea6ce0d0"
url = "https://github.com/astral-sh/python-build-standalone/releases/download/20260929/cpython-3.14.7+20260929-x86_64-unknown-linux-musl-install_only_stripped.tar.gz"
provenance = "github-attestations"

[tools.python."platforms.linux-x64-musl-baseline"]
checksum = "sha256:ecb40bf33dd24d43fe44f7830e0933cd5755d3cf02e45dc404a0cfb0ea6ce0d0"
url = "https://github.com/astral-sh/python-build-standalone/releases/download/20260929/cpython-3.14.7+20260929-x86_64-unknown-linux-musl-install_only_stripped.tar.gz"
provenance = "github-attestations"

[tools.python."platforms.macos-arm64"]
checksum = "sha256:44b4716f4e63bc85e1c07ea2aca730d13a0ec3557d06526d84a13b1d111cf4f9"
url = "https://github.com/astral-sh/python-build-standalone/releases/download/20260929/cpython-3.14.7+20260929-aarch64-apple-darwin-install_only_stripped.tar.gz"
provenance = "github-attestations"

[tools.python."platforms.macos-x64"]
checksum = "sha256:419c8d110a393add7e20480f785a9cc2213978cdb10f8198ee7bb38b02cdb0fe"
url = "https://github.com/astral-sh/python-build-standalone/releases/download/20260929/cpython-3.14.7+20260929-x86_64-apple-darwin-install_only_stripped.tar.gz"
provenance = "github-attestations"

[tools.python."platforms.macos-x64-baseline"]
checksum = "sha256:419c8d110a393add7e20480f785a9cc2213978cdb10f8198ee7bb38b02cdb0fe"
url = "https://github.com/astral-sh/python-build-standalone/releases/download/20260929/cpython-3.14.7+20260929-x86_64-apple-darwin-install_only_stripped.tar.gz"
provenance = "github-attestations"

[tools.python."platforms.windows-x64"]
checksum = "sha256:6378385d5e42ec0874656e5efd707fb92334a6972b1aca90fd254eb924a8f404"
url = "https://github.com/astral-sh/python-build-standalone/releases/download/20260929/cpython-3.14.7+20260929-x86_64-pc-windows-msvc-install_only_stripped.tar.gz"
provenance = "github-attestations"

[tools.python."platforms.windows-x64-baseline"]
checksum = "sha256:6378385d5e42ec0874656e5efd707fb92334a6972b1aca90fd254eb924a8f404"
url = "https://github.com/astral-sh/python-build-standalone/releases/download/20260929/cpython-3.14.7+20260929-x86_64-pc-windows-msvc-install_only_stripped.tar.gz"
provenance = "github-attestations"

[[tools.ruby]]
version = "4.0.7"
backend = "core:ruby"

[tools.ruby.options]
compile = "false"
precompiled_url = "jdx/ruby"
ruby_build_repo = "https://github.com/rbenv/ruby-build.git"
ruby_install = "false"

[tools.ruby."platforms.linux-arm64"]
checksum = "sha256:453bf09d3991ada482dbcdae5af697ce59aaa5586f3f906a7ff46af5de9afed8"
url = "https://github.com/jdx/ruby/releases/download/4.0.7-1/ruby-4.0.7.arm64_linux.tar.gz"
provenance = "github-attestations"

[tools.ruby."platforms.linux-arm64-musl"]
checksum = "sha256:911ace20f90d068ca0e4dda6d0e4f0f81e52e52f2dd4f4004c721e253412e82d"
url = "https://cache.ruby-lang.org/pub/ruby/4.0/ruby-4.0.7.tar.gz"

[tools.ruby."platforms.linux-x64"]
checksum = "sha256:32cd7e6ac93126e0f91dc40a0d2e6213f24a38be77937671e6cb82f82ea4ffe2"
url = "https://github.com/jdx/ruby/releases/download/4.0.7-1/ruby-4.0.7.x86_64_linux.tar.gz"
provenance = "github-attestations"

[tools.ruby."platforms.linux-x64-baseline"]
checksum = "sha256:32cd7e6ac93126e0f91dc40a0d2e6213f24a38be77937671e6cb82f82ea4ffe2"
url = "https://github.com/jdx/ruby/releases/download/4.0.7-1/ruby-4.0.7.x86_64_linux.tar.gz"
provenance = "github-attestations"

[tools.ruby."platforms.linux-x64-musl"]
checksum = "sha256:911ace20f90d068ca0e4dda6d0e4f0f81e52e52f2dd4f4004c721e253412e82d"
url = "https://cache.ruby-lang.org/pub/ruby/4.0/ruby-4.0.7.tar.gz"

[tools.ruby."platforms.linux-x64-musl-baseline"]
checksum = "sha256:911ace20f90d068ca0e4dda6d0e4f0f81e52e52f2dd4f4004c721e253412e82d"
url = "https://cache.ruby-lang.org/pub/ruby/4.0/ruby-4.0.7.tar.gz"

[tools.ruby."platforms.macos-arm64"]
checksum = "sha256:1b239cb6e4f8ba27e890e025c723c00ba781b993ac12aab2029618f347c2206d"
url = "https://github.com/jdx/ruby/releases/download/4.0.7-1/ruby-4.0.7.macos.tar.gz"
provenance = "github-attestations"

[tools.ruby."platforms.macos-x64"]
checksum = "sha256:911ace20f90d068ca0e4dda6d0e4f0f81e52e52f2dd4f4004c721e253412e82d"
url = "https://cache.ruby-lang.org/pub/ruby/4.0/ruby-4.0.7.tar.gz"

[tools.ruby."platforms.macos-x64-baseline"]
checksum = "sha256:911ace20f90d068ca0e4dda6d0e4f0f81e52e52f2dd4f4004c721e253412e82d"
url = "https://cache.ruby-lang.org/pub/ruby/4.0/ruby-4.0.7.tar.gz"

[[tools.ruby]]
version = "4.0.7"
backend = "core:ruby"

[tools.ruby."platforms.windows-x64"]
checksum = "sha256:7a9be96d3448ecbd9a81eccae1f619131dfcc761f2c98dded03ece6c05d0474f"
url = "https://github.com/oneclick/rubyinstaller2/releases/download/RubyInstaller-4.0.7-1/rubyinstaller-4.0.7-1-x64.7z"

[tools.ruby."platforms.windows-x64-baseline"]
checksum = "sha256:7a9be96d3448ecbd9a81eccae1f619131dfcc761f2c98dded03ece6c05d0474f"
url = "https://github.com/oneclick/rubyinstaller2/releases/download/RubyInstaller-4.0.7-1/rubyinstaller-4.0.7-1-x64.7z"

[[tools.starship]]
version = "1.26.0"
backend = "aqua:starship/starship"

[tools.starship."platforms.linux-arm64"]
checksum = "sha256:dc30189378d2f2e287384e8a692d3f95ad1df64cf0e8c36aa9201516028aed6b"
url = "https://github.com/starship/starship/releases/download/v1.26.0/starship-aarch64-unknown-linux-musl.tar.gz"
url_api = "https://api.github.com/repos/starship/starship/releases/assets/460374586"

[tools.starship."platforms.linux-arm64-musl"]
checksum = "sha256:dc30189378d2f2e287384e8a692d3f95ad1df64cf0e8c36aa9201516028aed6b"
url = "https://github.com/starship/starship/releases/download/v1.26.0/starship-aarch64-unknown-linux-musl.tar.gz"
url_api = "https://api.github.com/repos/starship/starship/releases/assets/460374586"

[tools.starship."platforms.linux-x64"]
checksum = "sha256:b7c232b0e8249d8e55a40beb79c5c43a7d370f3f9408bd215deb0170daeaadf3"
url = "https://github.com/starship/starship/releases/download/v1.26.0/starship-x86_64-unknown-linux-musl.tar.gz"
url_api = "https://api.github.com/repos/starship/starship/releases/assets/460374630"

[tools.starship."platforms.linux-x64-baseline"]
checksum = "sha256:b7c232b0e8249d8e55a40beb79c5c43a7d370f3f9408bd215deb0170daeaadf3"
url = "https://github.com/starship/starship/releases/download/v1.26.0/starship-x86_64-unknown-linux-musl.tar.gz"
url_api = "https://api.github.com/repos/starship/starship/releases/assets/460374630"

[tools.starship."platforms.linux-x64-musl"]
checksum = "sha256:b7c232b0e8249d8e55a40beb79c5c43a7d370f3f9408bd215deb0170daeaadf3"
url = "https://github.com/starship/starship/releases/download/v1.26.0/starship-x86_64-unknown-linux-musl.tar.gz"
url_api = "https://api.github.com/repos/starship/starship/releases/assets/460374630"

[tools.starship."platforms.linux-x64-musl-baseline"]
checksum = "sha256:b7c232b0e8249d8e55a40beb79c5c43a7d370f3f9408bd215deb0170daeaadf3"
url = "https://github.com/starship/starship/releases/download/v1.26.0/starship-x86_64-unknown-linux-musl.tar.gz"
url_api = "https://api.github.com/repos/starship/starship/releases/assets/460374630"

[tools.starship."platforms.macos-arm64"]
checksum = "sha256:c40b27b11f580411e068f2fa6c1be7830a387c0bc47a94d1d37f32b054c5361d"
url = "https://github.com/starship/starship/releases/download/v1.26.0/starship-aarch64-apple-darwin.tar.gz"
url_api = "https://api.github.com/repos/starship/starship/releases/assets/460374577"

[tools.starship."platforms.macos-x64"]
checksum = "sha256:5548f406a4b6f5695903bdea83f77ce47ec12c8c0e62dabd33122d8f133e4207"
url = "https://github.com/starship/starship/releases/download/v1.26.0/starship-x86_64-apple-darwin.tar.gz"
url_api = "https://api.github.com/repos/starship/starship/releases/assets/460374608"

[tools.starship."platforms.macos-x64-baseline"]
checksum = "sha256:5548f406a4b6f5695903bdea83f77ce47ec12c8c0e62dabd33122d8f133e4207"
url = "https://github.com/starship/starship/releases/download/v1.26.0/starship-x86_64-apple-darwin.tar.gz"
url_api = "https://api.github.com/repos/starship/starship/releases/assets/460374608"

[tools.starship."platforms.windows-x64"]
checksum = "sha256:690021e22f2bf2c57d5867dc0fababe5e55e714c26942bd909ffddb6c5df42f2"
url = "https://github.com/starship/starship/releases/download/v1.26.0/starship-x86_64-pc-windows-msvc.zip"
url_api = "https://api.github.com/repos/starship/starship/releases/assets/460374615"

[tools.starship."platforms.windows-x64-baseline"]
checksum = "sha256:690021e22f2bf2c57d5867dc0fababe5e55e714c26942bd909ffddb6c5df42f2"
url = "https://github.com/starship/starship/releases/download/v1.26.0/starship-x86_64-pc-windows-msvc.zip"
url_api = "https://api.github.com/repos/starship/starship/releases/assets/460374615"

[[tools.tmux]]
version = "3.7c"
backend = "aqua:tmux/tmux-builds"

[tools.tmux."platforms.linux-arm64"]
checksum = "sha256:29dcb978da2a4b0cf6790f9e004865dac239a3ba03bbf776dddacce23d03831b"
url = "https://github.com/tmux/tmux-builds/releases/download/v3.7c/tmux-3.7c-linux-arm64.tar.gz"
url_api = "https://api.github.com/repos/tmux/tmux-builds/releases/assets/528734863"

[tools.tmux."platforms.linux-arm64-musl"]
checksum = "sha256:29dcb978da2a4b0cf6790f9e004865dac239a3ba03bbf776dddacce23d03831b"
url = "https://github.com/tmux/tmux-builds/releases/download/v3.7c/tmux-3.7c-linux-arm64.tar.gz"
url_api = "https://api.github.com/repos/tmux/tmux-builds/releases/assets/528734863"

[tools.tmux."platforms.linux-x64"]
checksum = "sha256:cc56bd1cc873eb6089c615f0496b072385bda8a6d944069f38564a5d49c128aa"
url = "https://github.com/tmux/tmux-builds/releases/download/v3.7c/tmux-3.7c-linux-x86_64.tar.gz"
url_api = "https://api.github.com/repos/tmux/tmux-builds/releases/assets/528734864"

[tools.tmux."platforms.linux-x64-baseline"]
checksum = "sha256:cc56bd1cc873eb6089c615f0496b072385bda8a6d944069f38564a5d49c128aa"
url = "https://github.com/tmux/tmux-builds/releases/download/v3.7c/tmux-3.7c-linux-x86_64.tar.gz"
url_api = "https://api.github.com/repos/tmux/tmux-builds/releases/assets/528734864"

[tools.tmux."platforms.linux-x64-musl"]
checksum = "sha256:cc56bd1cc873eb6089c615f0496b072385bda8a6d944069f38564a5d49c128aa"
url = "https://github.com/tmux/tmux-builds/releases/download/v3.7c/tmux-3.7c-linux-x86_64.tar.gz"
url_api = "https://api.github.com/repos/tmux/tmux-builds/releases/assets/528734864"

[tools.tmux."platforms.linux-x64-musl-baseline"]
checksum = "sha256:cc56bd1cc873eb6089c615f0496b072385bda8a6d944069f38564a5d49c128aa"
url = "https://github.com/tmux/tmux-builds/releases/download/v3.7c/tmux-3.7c-linux-x86_64.tar.gz"
url_api = "https://api.github.com/repos/tmux/tmux-builds/releases/assets/528734864"

[tools.tmux."platforms.macos-arm64"]
checksum = "sha256:0a763dd0380aa980d239509654da1bc7455843706a3c050f6709c8cd2e13d12d"
url = "https://github.com/tmux/tmux-builds/releases/download/v3.7c/tmux-3.7c-macos-arm64.tar.gz"
url_api = "https://api.github.com/repos/tmux/tmux-builds/releases/assets/528734861"

[tools.tmux."platforms.macos-x64"]
checksum = "sha256:1c21f9ade964e4a539be05ffe3a4e95854ab76a0a9c4c05d0ffbe7fc6c4d783f"
url = "https://github.com/tmux/tmux-builds/releases/download/v3.7c/tmux-3.7c-macos-x86_64.tar.gz"
url_api = "https://api.github.com/repos/tmux/tmux-builds/releases/assets/528734867"

[tools.tmux."platforms.macos-x64-baseline"]
checksum = "sha256:1c21f9ade964e4a539be05ffe3a4e95854ab76a0a9c4c05d0ffbe7fc6c4d783f"
url = "https://github.com/tmux/tmux-builds/releases/download/v3.7c/tmux-3.7c-macos-x86_64.tar.gz"
url_api = "https://api.github.com/repos/tmux/tmux-builds/releases/assets/528734867"
