# @generated - this file is auto-generated by `mise lock` https://mise.en.dev/dev-tools/mise-lock.html

[[tools.claude]]
version = "2.1.169"
backend = "aqua:anthropics/claude-code"

[tools.claude."platforms.linux-arm64"]
url = "https://storage.googleapis.com/claude-code-dist-86c565f3-f756-42ad-8dfa-d59b1c096819/claude-code-releases/2.1.169/linux-arm64/claude"

[tools.claude."platforms.linux-arm64-musl"]
url = "https://storage.googleapis.com/claude-code-dist-86c565f3-f756-42ad-8dfa-d59b1c096819/claude-code-releases/2.1.169/linux-arm64-musl/claude"

[tools.claude."platforms.linux-x64"]
url = "https://storage.googleapis.com/claude-code-dist-86c565f3-f756-42ad-8dfa-d59b1c096819/claude-code-releases/2.1.169/linux-x64/claude"

[tools.claude."platforms.linux-x64-musl"]
url = "https://storage.googleapis.com/claude-code-dist-86c565f3-f756-42ad-8dfa-d59b1c096819/claude-code-releases/2.1.169/linux-x64-musl/claude"

[tools.claude."platforms.macos-arm64"]
url = "https://storage.googleapis.com/claude-code-dist-86c565f3-f756-42ad-8dfa-d59b1c096819/claude-code-releases/2.1.169/darwin-arm64/claude"

[tools.claude."platforms.macos-x64"]
url = "https://storage.googleapis.com/claude-code-dist-86c565f3-f756-42ad-8dfa-d59b1c096819/claude-code-releases/2.1.169/darwin-x64/claude"

[[tools.fnox]]
version = "1.27.1"
backend = "github:jdx/fnox"

[tools.fnox."platforms.linux-arm64"]
checksum = "sha256:5f18410dd9a777386d9dbdd4029e13436195dcfaa55f594a99ff6a4bc1b3ca03"
url = "https://github.com/jdx/fnox/releases/download/v1.27.1/fnox-aarch64-unknown-linux-gnu.tar.gz"
url_api = "https://api.github.com/repos/jdx/fnox/releases/assets/450745507"
provenance = "github-attestations"

[tools.fnox."platforms.linux-arm64-musl"]
checksum = "sha256:b9307bc65ae2c4b2178175876034b3ad04a7fded5aea89818141a7b05e6c43aa"
url = "https://github.com/jdx/fnox/releases/download/v1.27.1/fnox-aarch64-unknown-linux-musl.tar.gz"
url_api = "https://api.github.com/repos/jdx/fnox/releases/assets/450745503"
provenance = "github-attestations"

[tools.fnox."platforms.linux-x64"]
checksum = "sha256:fe272bebbb0825ba1df0c7502054979815fae8251b4a90c61c28cd13d64887bf"
url = "https://github.com/jdx/fnox/releases/download/v1.27.1/fnox-x86_64-unknown-linux-gnu.tar.gz"
url_api = "https://api.github.com/repos/jdx/fnox/releases/assets/450745538"
provenance = "github-attestations"

[tools.fnox."platforms.linux-x64-musl"]
checksum = "sha256:5d5ba5f6779c398b4fb23b06fc82c303fcc281f56bc0ed849f23403acaa0e413"
url = "https://github.com/jdx/fnox/releases/download/v1.27.1/fnox-x86_64-unknown-linux-musl.tar.gz"
url_api = "https://api.github.com/repos/jdx/fnox/releases/assets/450745537"
provenance = "github-attestations"

[tools.fnox."platforms.macos-arm64"]
checksum = "sha256:0f82d0346872bc98843c8428bfd05e72ca9f8ac9eb699be4549e7a21d2cf0a7f"
url = "https://github.com/jdx/fnox/releases/download/v1.27.1/fnox-aarch64-apple-darwin.tar.gz"
url_api = "https://api.github.com/repos/jdx/fnox/releases/assets/450745511"
provenance = "github-attestations"

[tools.fnox."platforms.macos-x64"]
checksum = "sha256:7aafc5e8fea5dea4471f2a92abc6d8211f5b1f8fcbdbfac611ea6a52101483e1"
url = "https://github.com/jdx/fnox/releases/download/v1.27.1/fnox-x86_64-apple-darwin.tar.gz"
url_api = "https://api.github.com/repos/jdx/fnox/releases/assets/450745508"
provenance = "github-attestations"

[tools.fnox."platforms.windows-x64"]
checksum = "sha256:6373ee5457e8c36941f688aeff9ac630923c588fd78faff14e0548a1d1dbd89a"
url = "https://github.com/jdx/fnox/releases/download/v1.27.1/fnox-x86_64-pc-windows-msvc.zip"
url_api = "https://api.github.com/repos/jdx/fnox/releases/assets/450745535"
provenance = "github-attestations"

[[tools.jq]]
version = "1.8.1"
backend = "aqua:jqlang/jq"

[tools.jq."platforms.linux-arm64"]
checksum = "sha256:6bc62f25981328edd3cfcfe6fe51b073f2d7e7710d7ef7fcdac28d4e384fc3d4"
url = "https://github.com/jqlang/jq/releases/download/jq-1.8.1/jq-linux-arm64"
provenance = "github-attestations"

[tools.jq."platforms.linux-arm64-musl"]
checksum = "sha256:6bc62f25981328edd3cfcfe6fe51b073f2d7e7710d7ef7fcdac28d4e384fc3d4"
url = "https://github.com/jqlang/jq/releases/download/jq-1.8.1/jq-linux-arm64"
provenance = "github-attestations"

[tools.jq."platforms.linux-x64"]
checksum = "sha256:020468de7539ce70ef1bceaf7cde2e8c4f2ca6c3afb84642aabc5c97d9fc2a0d"
url = "https://github.com/jqlang/jq/releases/download/jq-1.8.1/jq-linux-amd64"
provenance = "github-attestations"

[tools.jq."platforms.linux-x64-musl"]
checksum = "sha256:020468de7539ce70ef1bceaf7cde2e8c4f2ca6c3afb84642aabc5c97d9fc2a0d"
url = "https://github.com/jqlang/jq/releases/download/jq-1.8.1/jq-linux-amd64"
provenance = "github-attestations"

[tools.jq."platforms.macos-arm64"]
checksum = "sha256:a9fe3ea2f86dfc72f6728417521ec9067b343277152b114f4e98d8cb0e263603"
url = "https://github.com/jqlang/jq/releases/download/jq-1.8.1/jq-macos-arm64"
provenance = "github-attestations"

[tools.jq."platforms.macos-x64"]
checksum = "sha256:e80dbe0d2a2597e3c11c404f03337b981d74b4a8504b70586c354b7697a7c27f"
url = "https://github.com/jqlang/jq/releases/download/jq-1.8.1/jq-macos-amd64"
provenance = "github-attestations"

[tools.jq."platforms.windows-x64"]
checksum = "sha256:23cb60a1354eed6bcc8d9b9735e8c7b388cd1fdcb75726b93bc299ef22dd9334"
url = "https://github.com/jqlang/jq/releases/download/jq-1.8.1/jq-windows-amd64.exe"
provenance = "github-attestations"

[[tools.kubectl]]
version = "1.34.8"
backend = "aqua:kubernetes/kubernetes/kubectl"

[tools.kubectl."platforms.linux-arm64"]
checksum = "sha256:4c9fe1f717738950c638c38056130a8db5075e6413ae36d8687221a240cdf88b"
url = "https://dl.k8s.io/v1.34.8/bin/linux/arm64/kubectl"

[tools.kubectl."platforms.linux-arm64-musl"]
checksum = "sha256:4c9fe1f717738950c638c38056130a8db5075e6413ae36d8687221a240cdf88b"
url = "https://dl.k8s.io/v1.34.8/bin/linux/arm64/kubectl"

[tools.kubectl."platforms.linux-x64"]
checksum = "sha256:f6249132865c13abe3c9dd5038f5da65849cb86eee1608c001831504e481aa8c"
url = "https://dl.k8s.io/v1.34.8/bin/linux/amd64/kubectl"

[tools.kubectl."platforms.linux-x64-musl"]
checksum = "sha256:f6249132865c13abe3c9dd5038f5da65849cb86eee1608c001831504e481aa8c"
url = "https://dl.k8s.io/v1.34.8/bin/linux/amd64/kubectl"

[tools.kubectl."platforms.macos-arm64"]
checksum = "sha256:173e101c8f9f195ea16771a1262313ea4c916d4d517f72902b0afd57f61c1917"
url = "https://dl.k8s.io/v1.34.8/bin/darwin/arm64/kubectl"

[tools.kubectl."platforms.macos-x64"]
checksum = "sha256:149be66a64b26c59a7bf5037a895b8ecb244d8224d84f533584457355a44520b"
url = "https://dl.k8s.io/v1.34.8/bin/darwin/amd64/kubectl"

[tools.kubectl."platforms.windows-x64"]
checksum = "sha256:35bc3cb7050f6d39436e6c486c65e2d2d6198988b10c5e76b58b8c929373a7fa"
url = "https://dl.k8s.io/v1.34.8/bin/windows/amd64/kubectl.exe"

[[tools.node]]
version = "24.16.0"
backend = "core:node"

[tools.node."platforms.linux-arm64"]
checksum = "sha256:589f5b6dd4fcfee4dfda73013903c966abaa8abd93dbc9d436544e472b4f0e74"
url = "https://nodejs.org/dist/v24.16.0/node-v24.16.0-linux-arm64.tar.gz"

[tools.node."platforms.linux-arm64-musl"]
checksum = "sha256:85dde27aa73503b03dadfa0410a800067b4e3f702fb7fcaa3beaf284dfcc69e9"
url = "https://unofficial-builds.nodejs.org/download/release/v24.16.0/node-v24.16.0-linux-arm64-musl.tar.gz"

[tools.node."platforms.linux-x64"]
checksum = "sha256:2faf6a387e9b62b888e21c54f01249fb27537ffecf1842f29f4c919d0a59a0ff"
url = "https://nodejs.org/dist/v24.16.0/node-v24.16.0-linux-x64.tar.gz"

[tools.node."platforms.linux-x64-musl"]
checksum = "sha256:50df5d8d474892d4f7b906167df36f77f5b93908f63dc532dc568219cab65841"
url = "https://unofficial-builds.nodejs.org/download/release/v24.16.0/node-v24.16.0-linux-x64-musl.tar.gz"

[tools.node."platforms.macos-arm64"]
checksum = "sha256:39189dab4eeb15706c424af0ac08a3044c9e48f7db12a7d77f6b7aafc7dd5df6"
url = "https://nodejs.org/dist/v24.16.0/node-v24.16.0-darwin-arm64.tar.gz"

[tools.node."platforms.macos-x64"]
checksum = "sha256:298b4c7b3cb80765c8703e42b90324a4ece3b6634947b89e769c3c980ab55185"
url = "https://nodejs.org/dist/v24.16.0/node-v24.16.0-darwin-x64.tar.gz"

[tools.node."platforms.windows-x64"]
checksum = "sha256:edaca9bd58ec8e92037dac4e877d52f6b8f430b81c18b57e264b4e2fb111cd56"
url = "https://nodejs.org/dist/v24.16.0/node-v24.16.0-win-x64.zip"

[[tools.python]]
version = "3.14.5"
backend = "core:python"

[tools.python."platforms.linux-arm64"]
checksum = "sha256:1d3ea1b3cd9b8f3d53afb629e82e9bc8f6dab6cbb1a7d23524bd86ba5bc22570"
url = "https://github.com/astral-sh/python-build-standalone/releases/download/20260602/cpython-3.14.5+20260602-aarch64-unknown-linux-gnu-install_only_stripped.tar.gz"
provenance = "github-attestations"

[tools.python."platforms.linux-arm64-musl"]
checksum = "sha256:23dfd69917f1c693b7ce857f014a72da546c8132c277bb6ac98fdbe12334e221"
url = "https://github.com/astral-sh/python-build-standalone/releases/download/20260602/cpython-3.14.5+20260602-aarch64-unknown-linux-musl-install_only_stripped.tar.gz"
provenance = "github-attestations"

[tools.python."platforms.linux-x64"]
checksum = "sha256:982a60fc7f11bbe405ab54afcd4eb145f1134797bbbffac9f5c49df4ec98b13e"
url = "https://github.com/astral-sh/python-build-standalone/releases/download/20260602/cpython-3.14.5+20260602-x86_64-unknown-linux-gnu-install_only_stripped.tar.gz"
provenance = "github-attestations"

[tools.python."platforms.linux-x64-musl"]
checksum = "sha256:09fb97b20df0ed9336d39468007619b3458489c33fa4166b43155587b382f84a"
url = "https://github.com/astral-sh/python-build-standalone/releases/download/20260602/cpython-3.14.5+20260602-x86_64-unknown-linux-musl-install_only_stripped.tar.gz"
provenance = "github-attestations"

[tools.python."platforms.macos-arm64"]
checksum = "sha256:3a0373cc39fefd494754ef555267f245c720cddbaaabf63a7c9a4269f1e56532"
url = "https://github.com/astral-sh/python-build-standalone/releases/download/20260602/cpython-3.14.5+20260602-aarch64-apple-darwin-install_only_stripped.tar.gz"
provenance = "github-attestations"

[tools.python."platforms.macos-x64"]
checksum = "sha256:d44ff6ec301cabc91eb0c756b1948b28579fb07feba36aaf1990e535649d5ea6"
url = "https://github.com/astral-sh/python-build-standalone/releases/download/20260602/cpython-3.14.5+20260602-x86_64-apple-darwin-install_only_stripped.tar.gz"
provenance = "github-attestations"

[tools.python."platforms.windows-x64"]
checksum = "sha256:66b065143e538c07f069f764d831d8ffae95507907d4ca211304e6f3a056435c"
url = "https://github.com/astral-sh/python-build-standalone/releases/download/20260602/cpython-3.14.5+20260602-x86_64-pc-windows-msvc-install_only_stripped.tar.gz"
provenance = "github-attestations"

[[tools.starship]]
version = "1.25.1"
backend = "aqua:starship/starship"

[tools.starship."platforms.linux-arm64"]
checksum = "sha256:01517aab398959ea9ea73bdb4f032ea4dbb51dff5c8e5eb05b4a1b9b7ab872b8"
url = "https://github.com/starship/starship/releases/download/v1.25.1/starship-aarch64-unknown-linux-musl.tar.gz"

[tools.starship."platforms.linux-arm64-musl"]
checksum = "sha256:01517aab398959ea9ea73bdb4f032ea4dbb51dff5c8e5eb05b4a1b9b7ab872b8"
url = "https://github.com/starship/starship/releases/download/v1.25.1/starship-aarch64-unknown-linux-musl.tar.gz"

[tools.starship."platforms.linux-x64"]
checksum = "sha256:c6ddd3ecb9c0071a2ad38d98cee748160066b7c4f197421268058f4a5d6f8504"
url = "https://github.com/starship/starship/releases/download/v1.25.1/starship-x86_64-unknown-linux-musl.tar.gz"

[tools.starship."platforms.linux-x64-musl"]
checksum = "sha256:c6ddd3ecb9c0071a2ad38d98cee748160066b7c4f197421268058f4a5d6f8504"
url = "https://github.com/starship/starship/releases/download/v1.25.1/starship-x86_64-unknown-linux-musl.tar.gz"

[tools.starship."platforms.macos-arm64"]
checksum = "sha256:1062a2363489b9335529b83204472f02633c08fc3609f1b325be5eba36feb631"
url = "https://github.com/starship/starship/releases/download/v1.25.1/starship-aarch64-apple-darwin.tar.gz"

[tools.starship."platforms.macos-x64"]
checksum = "sha256:f86fbe7a3b9f262bcf34ca61e9e996243da511c5500dcd81a1e4daa542869276"
url = "https://github.com/starship/starship/releases/download/v1.25.1/starship-x86_64-apple-darwin.tar.gz"

[tools.starship."platforms.windows-x64"]
checksum = "sha256:a07cf3e428afab09324e510fb786041ebcc491a68b1ca6fba044c5a461f9b017"
url = "https://github.com/starship/starship/releases/download/v1.25.1/starship-x86_64-pc-windows-msvc.zip"
